// !$*UTF8*$!
{
	archiveVersion = 1;
	classes = {
	};
	objectVersion = 46;
	objects = {

/* Begin PBXBuildFile section */
		DA84F1441921216800FDE4EF /* Foundation.framework in Frameworks */ = {isa = PBXBuildFile; fileRef = DA84F1431921216800FDE4EF /* Foundation.framework */; };
		DA84F1461921216800FDE4EF /* CoreGraphics.framework in Frameworks */ = {isa = PBXBuildFile; fileRef = DA84F1451921216800FDE4EF /* CoreGraphics.framework */; };
		DA84F1481921216800FDE4EF /* UIKit.framework in Frameworks */ = {isa = PBXBuildFile; fileRef = DA84F1471921216800FDE4EF /* UIKit.framework */; };
		DA84F14E1921216800FDE4EF /* InfoPlist.strings in Resources */ = {isa = PBXBuildFile; fileRef = DA84F14C1921216800FDE4EF /* InfoPlist.strings */; };
		DA84F1501921216800FDE4EF /* main.m in Sources */ = {isa = PBXBuildFile; fileRef = DA84F14F1921216800FDE4EF /* main.m */; };
		DA84F1541921216800FDE4EF /* CCAppDelegate.m in Sources */ = {isa = PBXBuildFile; fileRef = DA84F1531921216800FDE4EF /* CCAppDelegate.m */; };
		DA84F1571921216800FDE4EF /* Main.storyboard in Resources */ = {isa = PBXBuildFile; fileRef = DA84F1551921216800FDE4EF /* Main.storyboard */; };
		DA84F15A1921216800FDE4EF /* CCViewController.m in Sources */ = {isa = PBXBuildFile; fileRef = DA84F1591921216800FDE4EF /* CCViewController.m */; };
		DA84F15C1921216800FDE4EF /* Images.xcassets in Resources */ = {isa = PBXBuildFile; fileRef = DA84F15B1921216800FDE4EF /* Images.xcassets */; };
		DA84F1631921216800FDE4EF /* XCTest.framework in Frameworks */ = {isa = PBXBuildFile; fileRef = DA84F1621921216800FDE4EF /* XCTest.framework */; };
		DA84F1641921216800FDE4EF /* Foundation.framework in Frameworks */ = {isa = PBXBuildFile; fileRef = DA84F1431921216800FDE4EF /* Foundation.framework */; };
		DA84F1651921216800FDE4EF /* UIKit.framework in Frameworks */ = {isa = PBXBuildFile; fileRef = DA84F1471921216800FDE4EF /* UIKit.framework */; };
		DA84F16D1921216800FDE4EF /* InfoPlist.strings in Resources */ = {isa = PBXBuildFile; fileRef = DA84F16B1921216800FDE4EF /* InfoPlist.strings */; };
		DA84F16F1921216800FDE4EF /* UiTableViewControllerChallengeSolutionTests.m in Sources */ = {isa = PBXBuildFile; fileRef = DA84F16E1921216800FDE4EF /* UiTableViewControllerChallengeSolutionTests.m */; };
/* End PBXBuildFile section */

/* Begin PBXContainerItemProxy section */
		DA84F1661921216800FDE4EF /* PBXContainerItemProxy */ = {
			isa = PBXContainerItemProxy;
			containerPortal = DA84F1381921216800FDE4EF /* Project object */;
			proxyType = 1;
			remoteGlobalIDString = DA84F13F1921216800FDE4EF;
			remoteInfo = UiTableViewControllerChallengeSolution;
		};
/* End PBXContainerItemProxy section */

/* Begin PBXFileReference section */
		DA84F1401921216800FDE4EF /* UiTableViewControllerChallengeSolution.app */ = {isa = PBXFileReference; explicitFileType = wrapper.application; includeInIndex = 0; path = UiTableViewControllerChallengeSolution.app; sourceTree = BUILT_PRODUCTS_DIR; };
		DA84F1431921216800FDE4EF /* Foundation.framework */ = {isa = PBXFileReference; lastKnownFileType = wrapper.framework; name = Foundation.framework; path = System/Library/Frameworks/Foundation.framework; sourceTree = SDKROOT; };
		DA84F1451921216800FDE4EF /* CoreGraphics.framework */ = {isa = PBXFileReference; lastKnownFileType = wrapper.framework; name = CoreGraphics.framework; path = System/Library/Frameworks/CoreGraphics.framework; sourceTree = SDKROOT; };
		DA84F1471921216800FDE4EF /* UIKit.framework */ = {isa = PBXFileReference; lastKnownFileType = wrapper.framework; name = UIKit.framework; path = System/Library/Frameworks/UIKit.framework; sourceTree = SDKROOT; };
		DA84F14B1921216800FDE4EF /* UiTableViewControllerChallengeSolution-Info.plist */ = {isa = PBXFileReference; lastKnownFileType = text.plist.xml; path = "UiTableViewControllerChallengeSolution-Info.plist"; sourceTree = "<group>"; };
		DA84F14D1921216800FDE4EF /* en */ = {isa = PBXFileReference; lastKnownFileType = text.plist.strings; name = en; path = en.lproj/InfoPlist.strings; sourceTree = "<group>"; };
		DA84F14F1921216800FDE4EF /* main.m */ = {isa = PBXFileReference; lastKnownFileType = sourcecode.c.objc; path = main.m; sourceTree = "<group>"; };
		DA84F1511921216800FDE4EF /* UiTableViewControllerChallengeSolution-Prefix.pch */ = {isa = PBXFileReference; lastKnownFileType = sourcecode.c.h; path = "UiTableViewControllerChallengeSolution-Prefix.pch"; sourceTree = "<group>"; };
		DA84F1521921216800FDE4EF /* CCAppDelegate.h */ = {isa = PBXFileReference; lastKnownFileType = sourcecode.c.h; path = CCAppDelegate.h; sourceTree = "<group>"; };
		DA84F1531921216800FDE4EF /* CCAppDelegate.m */ = {isa = PBXFileReference; lastKnownFileType = sourcecode.c.objc; path = CCAppDelegate.m; sourceTree = "<group>"; };
		DA84F1561921216800FDE4EF /* Base */ = {isa = PBXFileReference; lastKnownFileType = file.storyboard; name = Base; path = Base.lproj/Main.storyboard; sourceTree = "<group>"; };
		DA84F1581921216800FDE4EF /* CCViewController.h */ = {isa = PBXFileReference; lastKnownFileType = sourcecode.c.h; path = CCViewController.h; sourceTree = "<group>"; };
		DA84F1591921216800FDE4EF /* CCViewController.m */ = {isa = PBXFileReference; lastKnownFileType = sourcecode.c.objc; path = CCViewController.m; sourceTree = "<group>"; };
		DA84F15B1921216800FDE4EF /* Images.xcassets */ = {isa = PBXFileReference; lastKnownFileType = folder.assetcatalog; path = Images.xcassets; sourceTree = "<group>"; };
		DA84F1611921216800FDE4EF /* UiTableViewControllerChallengeSolutionTests.xctest */ = {isa = PBXFileReference; explicitFileType = wrapper.cfbundle; includeInIndex = 0; path = UiTableViewControllerChallengeSolutionTests.xctest; sourceTree = BUILT_PRODUCTS_DIR; };
		DA84F1621921216800FDE4EF /* XCTest.framework */ = {isa = PBXFileReference; lastKnownFileType = wrapper.framework; name = XCTest.framework; path = Library/Frameworks/XCTest.framework; sourceTree = DEVELOPER_DIR; };
		DA84F16A1921216800FDE4EF /* UiTableViewControllerChallengeSolutionTests-Info.plist */ = {isa = PBXFileReference; lastKnownFileType = text.plist.xml; path = "UiTableViewControllerChallengeSolutionTests-Info.plist"; sourceTree = "<group>"; };
		DA84F16C1921216800FDE4EF /* en */ = {isa = PBXFileReference; lastKnownFileType = text.plist.strings; name = en; path = en.lproj/InfoPlist.strings; sourceTree = "<group>"; };
		DA84F16E1921216800FDE4EF /* UiTableViewControllerChallengeSolutionTests.m */ = {isa = PBXFileReference; lastKnownFileType = sourcecode.c.objc; path = UiTableViewControllerChallengeSolutionTests.m; sourceTree = "<group>"; };
/* End PBXFileReference section */

/* Begin PBXFrameworksBuildPhase section */
		DA84F13D1921216800FDE4EF /* Frameworks */ = {
			isa = PBXFrameworksBuildPhase;
			buildActionMask = 2147483647;
			files = (
				DA84F1461921216800FDE4EF /* CoreGraphics.framework in Frameworks */,
				DA84F1481921216800FDE4EF /* UIKit.framework in Frameworks */,
				DA84F1441921216800FDE4EF /* Foundation.framework in Frameworks */,
			);
			runOnlyForDeploymentPostprocessing = 0;
		};
		DA84F15E1921216800FDE4EF /* Frameworks */ = {
			isa = PBXFrameworksBuildPhase;
			buildActionMask = 2147483647;
			files = (
				DA84F1631921216800FDE4EF /* XCTest.framework in Frameworks */,
				DA84F1651921216800FDE4EF /* UIKit.framework in Frameworks */,
				DA84F1641921216800FDE4EF /* Foundation.framework in Frameworks */,
			);
			runOnlyForDeploymentPostprocessing = 0;
		};
/* End PBXFrameworksBuildPhase section */

/* Begin PBXGroup section */
		DA84F1371921216800FDE4EF = {
			isa = PBXGroup;
			children = (
				DA84F1491921216800FDE4EF /* UiTableViewControllerChallengeSolution */,
				DA84F1681921216800FDE4EF /* UiTableViewControllerChallengeSolutionTests */,
				DA84F1421921216800FDE4EF /* Frameworks */,
				DA84F1411921216800FDE4EF /* Products */,
			);
			sourceTree = "<group>";
		};
		DA84F1411921216800FDE4EF /* Products */ = {
			isa = PBXGroup;
			children = (
				DA84F1401921216800FDE4EF /* UiTableViewControllerChallengeSolution.app */,
				DA84F1611921216800FDE4EF /* UiTableViewControllerChallengeSolutionTests.xctest */,
			);
			name = Products;
			sourceTree = "<group>";
		};
		DA84F1421921216800FDE4EF /* Frameworks */ = {
			isa = PBXGroup;
			children = (
				DA84F1431921216800FDE4EF /* Foundation.framework */,
				DA84F1451921216800FDE4EF /* CoreGraphics.framework */,
				DA84F1471921216800FDE4EF /* UIKit.framework */,
				DA84F1621921216800FDE4EF /* XCTest.framework */,
			);
			name = Frameworks;
			sourceTree = "<group>";
		};
		DA84F1491921216800FDE4EF /* UiTableViewControllerChallengeSolution */ = {
			isa = PBXGroup;
			children = (
				DA84F1521921216800FDE4EF /* CCAppDelegate.h */,
				DA84F1531921216800FDE4EF /* CCAppDelegate.m */,
				DA84F1551921216800FDE4EF /* Main.storyboard */,
				DA84F1581921216800FDE4EF /* CCViewController.h */,
				DA84F1591921216800FDE4EF /* CCViewController.m */,
				DA84F15B1921216800FDE4EF /* Images.xcassets */,
				DA84F14A1921216800FDE4EF /* Supporting Files */,
			);
			path = UiTableViewControllerChallengeSolution;
			sourceTree = "<group>";
		};
		DA84F14A1921216800FDE4EF /* Supporting Files */ = {
			isa = PBXGroup;
			children = (
				DA84F14B1921216800FDE4EF /* UiTableViewControllerChallengeSolution-Info.plist */,
				DA84F14C1921216800FDE4EF /* InfoPlist.strings */,
				DA84F14F1921216800FDE4EF /* main.m */,
				DA84F1511921216800FDE4EF /* UiTableViewControllerChallengeSolution-Prefix.pch */,
			);
			name = "Supporting Files";
			sourceTree = "<group>";
		};
		DA84F1681921216800FDE4EF /* UiTableViewControllerChallengeSolutionTests */ = {
			isa = PBXGroup;
			children = (
				DA84F16E1921216800FDE4EF /* UiTableViewControllerChallengeSolutionTests.m */,
				DA84F1691921216800FDE4EF /* Supporting Files */,
			);
			path = UiTableViewControllerChallengeSolutionTests;
			sourceTree = "<group>";
		};
		DA84F1691921216800FDE4EF /* Supporting Files */ = {
			isa = PBXGroup;
			children = (
				DA84F16A1921216800FDE4EF /* UiTableViewControllerChallengeSolutionTests-Info.plist */,
				DA84F16B1921216800FDE4EF /* InfoPlist.strings */,
			);
			name = "Supporting Files";
			sourceTree = "<group>";
		};
/* End PBXGroup section */

/* Begin PBXNativeTarget section */
		DA84F13F1921216800FDE4EF /* UiTableViewControllerChallengeSolution */ = {
			isa = PBXNativeTarget;
			buildConfigurationList = DA84F1721921216800FDE4EF /* Build configuration list for PBXNativeTarget "UiTableViewControllerChallengeSolution" */;
			buildPhases = (
				DA84F13C1921216800FDE4EF /* Sources */,
				DA84F13D1921216800FDE4EF /* Frameworks */,
				DA84F13E1921216800FDE4EF /* Resources */,
			);
			buildRules = (
			);
			dependencies = (
			);
			name = UiTableViewControllerChallengeSolution;
			productName = UiTableViewControllerChallengeSolution;
			productReference = DA84F1401921216800FDE4EF /* UiTableViewControllerChallengeSolution.app */;
			productType = "com.apple.product-type.application";
		};
		DA84F1601921216800FDE4EF /* UiTableViewControllerChallengeSolutionTests */ = {
			isa = PBXNativeTarget;
			buildConfigurationList = DA84F1751921216800FDE4EF /* Build configuration list for PBXNativeTarget "UiTableViewControllerChallengeSolutionTests" */;
			buildPhases = (
				DA84F15D1921216800FDE4EF /* Sources */,
				DA84F15E1921216800FDE4EF /* Frameworks */,
				DA84F15F1921216800FDE4EF /* Resources */,
			);
			buildRules = (
			);
			dependencies = (
				DA84F1671921216800FDE4EF /* PBXTargetDependency */,
			);
			name = UiTableViewControllerChallengeSolutionTests;
			productName = UiTableViewControllerChallengeSolutionTests;
			productReference = DA84F1611921216800FDE4EF /* UiTableViewControllerChallengeSolutionTests.xctest */;
			productType = "com.apple.product-type.bundle.unit-test";
		};
/* End PBXNativeTarget section */

/* Begin PBXProject section */
		DA84F1381921216800FDE4EF /* Project object */ = {
			isa = PBXProject;
			attributes = {
				CLASSPREFIX = CC;
				LastUpgradeCheck = 0510;
				ORGANIZATIONNAME = "Matthew Spada Dev";
				TargetAttributes = {
					DA84F1601921216800FDE4EF = {
						TestTargetID = DA84F13F1921216800FDE4EF;
					};
				};
			};
			buildConfigurationList = DA84F13B1921216800FDE4EF /* Build configuration list for PBXProject "UiTableViewControllerChallengeSolution" */;
			compatibilityVersion = "Xcode 3.2";
			developmentRegion = English;
			hasScannedForEncodings = 0;
			knownRegions = (
				en,
				Base,
			);
			mainGroup = DA84F1371921216800FDE4EF;
			productRefGroup = DA84F1411921216800FDE4EF /* Products */;
			projectDirPath = "";
			projectRoot = "";
			targets = (
				DA84F13F1921216800FDE4EF /* UiTableViewControllerChallengeSolution */,
				DA84F1601921216800FDE4EF /* UiTableViewControllerChallengeSolutionTests */,
			);
		};
/* End PBXProject section */

/* Begin PBXResourcesBuildPhase section */
		DA84F13E1921216800FDE4EF /* Resources */ = {
			isa = PBXResourcesBuildPhase;
			buildActionMask = 2147483647;
			files = (
				DA84F15C1921216800FDE4EF /* Images.xcassets in Resources */,
				DA84F14E1921216800FDE4EF /* InfoPlist.strings in Resources */,
				DA84F1571921216800FDE4EF /* Main.storyboard in Resources */,
			);
			runOnlyForDeploymentPostprocessing = 0;
		};
		DA84F15F1921216800FDE4EF /* Resources */ = {
			isa = PBXResourcesBuildPhase;
			buildActionMask = 2147483647;
			files = (
				DA84F16D1921216800FDE4EF /* InfoPlist.strings in Resources */,
			);
			runOnlyForDeploymentPostprocessing = 0;
		};
/* End PBXResourcesBuildPhase section */

/* Begin PBXSourcesBuildPhase section */
		DA84F13C1921216800FDE4EF /* Sources */ = {
			isa = PBXSourcesBuildPhase;
			buildActionMask = 2147483647;
			files = (
				DA84F1541921216800FDE4EF /* CCAppDelegate.m in Sources */,
				DA84F1501921216800FDE4EF /* main.m in Sources */,
				DA84F15A1921216800FDE4EF /* CCViewController.m in Sources */,
			);
			runOnlyForDeploymentPostprocessing = 0;
		};
		DA84F15D1921216800FDE4EF /* Sources */ = {
			isa = PBXSourcesBuildPhase;
			buildActionMask = 2147483647;
			files = (
				DA84F16F1921216800FDE4EF /* UiTableViewControllerChallengeSolutionTests.m in Sources */,
			);
			runOnlyForDeploymentPostprocessing = 0;
		};
/* End PBXSourcesBuildPhase section */

/* Begin PBXTargetDependency section */
		DA84F1671921216800FDE4EF /* PBXTargetDependency */ = {
			isa = PBXTargetDependency;
			target = DA84F13F1921216800FDE4EF /* UiTableViewControllerChallengeSolution */;
			targetProxy = DA84F1661921216800FDE4EF /* PBXContainerItemProxy */;
		};
/* End PBXTargetDependency section */

/* Begin PBXVariantGroup section */
		DA84F14C1921216800FDE4EF /* InfoPlist.strings */ = {
			isa = PBXVariantGroup;
			children = (
				DA84F14D1921216800FDE4EF /* en */,
			);
			name = InfoPlist.strings;
			sourceTree = "<group>";
		};
		DA84F1551921216800FDE4EF /* Main.storyboard */ = {
			isa = PBXVariantGroup;
			children = (
				DA84F1561921216800FDE4EF /* Base */,
			);
			name = Main.storyboard;
			sourceTree = "<group>";
		};
		DA84F16B1921216800FDE4EF /* InfoPlist.strings */ = {
			isa = PBXVariantGroup;
			children = (
				DA84F16C1921216800FDE4EF /* en */,
			);
			name = InfoPlist.strings;
			sourceTree = "<group>";
		};
/* End PBXVariantGroup section */

/* Begin XCBuildConfiguration section */
		DA84F1701921216800FDE4EF /* Debug */ = {
			isa = XCBuildConfiguration;
			buildSettings = {
				ALWAYS_SEARCH_USER_PATHS = NO;
				CLANG_CXX_LANGUAGE_STANDARD = "gnu++0x";
				CLANG_CXX_LIBRARY = "libc++";
				CLANG_ENABLE_MODULES = YES;
				CLANG_ENABLE_OBJC_ARC = YES;
				CLANG_WARN_BOOL_CONVERSION = YES;
				CLANG_WARN_CONSTANT_CONVERSION = YES;
				CLANG_WARN_DIRECT_OBJC_ISA_USAGE = YES_ERROR;
				CLANG_WARN_EMPTY_BODY = YES;
				CLANG_WARN_ENUM_CONVERSION = YES;
				CLANG_WARN_INT_CONVERSION = YES;
				CLANG_WARN_OBJC_ROOT_CLASS = YES_ERROR;
				CLANG_WARN__DUPLICATE_METHOD_MATCH = YES;
				"CODE_SIGN_IDENTITY[sdk=iphoneos*]" = "iPhone Developer";
				COPY_PHASE_STRIP = NO;
				GCC_C_LANGUAGE_STANDARD = gnu99;
				GCC_DYNAMIC_NO_PIC = NO;
				GCC_OPTIMIZATION_LEVEL = 0;
				GCC_PREPROCESSOR_DEFINITIONS = (
					"DEBUG=1",
					"$(inherited)",
				);
				GCC_SYMBOLS_PRIVATE_EXTERN = NO;
				GCC_WARN_64_TO_32_BIT_CONVERSION = YES;
				GCC_WARN_ABOUT_RETURN_TYPE = YES_ERROR;
				GCC_WARN_UNDECLARED_SELECTOR = YES;
				GCC_WARN_UNINITIALIZED_AUTOS = YES_AGGRESSIVE;
				GCC_WARN_UNUSED_FUNCTION = YES;
				GCC_WARN_UNUSED_VARIABLE = YES;
				IPHONEOS_DEPLOYMENT_TARGET = 7.1;
				ONLY_ACTIVE_ARCH = YES;
				SDKROOT = iphoneos;
			};
			name = Debug;
		};
		DA84F1711921216800FDE4EF /* Release */ = {
			isa = XCBuildConfiguration;
			buildSettings = {
				ALWAYS_SEARCH_USER_PATHS = NO;
				CLANG_CXX_LANGUAGE_STANDARD = "gnu++0x";
				CLANG_CXX_LIBRARY = "libc++";
				CLANG_ENABLE_MODULES = YES;
				CLANG_ENABLE_OBJC_ARC = YES;
				CLANG_WARN_BOOL_CONVERSION = YES;
				CLANG_WARN_CONSTANT_CONVERSION = YES;
				CLANG_WARN_DIRECT_OBJC_ISA_USAGE = YES_ERROR;
				CLANG_WARN_EMPTY_BODY = YES;
				CLANG_WARN_ENUM_CONVERSION = YES;
				CLANG_WARN_INT_CONVERSION = YES;
				CLANG_WARN_OBJC_ROOT_CLASS = YES_ERROR;
				CLANG_WARN__DUPLICATE_METHOD_MATCH = YES;
				"CODE_SIGN_IDENTITY[sdk=iphoneos*]" = "iPhone Developer";
				COPY_PHASE_STRIP = YES;
				ENABLE_NS_ASSERTIONS = NO;
				GCC_C_LANGUAGE_STANDARD = gnu99;
				GCC_WARN_64_TO_32_BIT_CONVERSION = YES;
				GCC_WARN_ABOUT_RETURN_TYPE = YES_ERROR;
				GCC_WARN_UNDECLARED_SELECTOR = YES;
				GCC_WARN_UNINITIALIZED_AUTOS = YES_AGGRESSIVE;
				GCC_WARN_UNUSED_FUNCTION = YES;
				GCC_WARN_UNUSED_VARIABLE = YES;
				IPHONEOS_DEPLOYMENT_TARGET = 7.1;
				SDKROOT = iphoneos;
				VALIDATE_PRODUCT = YES;
			};
			name = Release;
		};
		DA84F1731921216800FDE4EF /* Debug */ = {
			isa = XCBuildConfiguration;
			buildSettings = {
				ASSETCATALOG_COMPILER_APPICON_NAME = AppIcon;
				ASSETCATALOG_COMPILER_LAUNCHIMAGE_NAME = LaunchImage;
				GCC_PRECOMPILE_PREFIX_HEADER = YES;
				GCC_PREFIX_HEADER = "UiTableViewControllerChallengeSolution/UiTableViewControllerChallengeSolution-Prefix.pch";
				INFOPLIST_FILE = "UiTableViewControllerChallengeSolution/UiTableViewControllerChallengeSolution-Info.plist";
				PRODUCT_NAME = "$(TARGET_NAME)";
				WRAPPER_EXTENSION = app;
			};
			name = Debug;
		};
		DA84F1741921216800FDE4EF /* Release */ = {
			isa = XCBuildConfiguration;
			buildSettings = {
				ASSETCATALOG_COMPILER_APPICON_NAME = AppIcon;
				ASSETCATALOG_COMPILER_LAUNCHIMAGE_NAME = LaunchImage;
				GCC_PRECOMPILE_PREFIX_HEADER = YES;
				GCC_PREFIX_HEADER = "UiTableViewControllerChallengeSolution/UiTableViewControllerChallengeSolution-Prefix.pch";
				INFOPLIST_FILE = "UiTableViewControllerChallengeSolution/UiTableViewControllerChallengeSolution-Info.plist";
				PRODUCT_NAME = "$(TARGET_NAME)";
				WRAPPER_EXTENSION = app;
			};
			name = Release;
		};
		DA84F1761921216800FDE4EF /* Debug */ = {
			isa = XCBuildConfiguration;
			buildSettings = {
				BUNDLE_LOADER = "$(BUILT_PRODUCTS_DIR)/UiTableViewControllerChallengeSolution.app/UiTableViewControllerChallengeSolution";
				FRAMEWORK_SEARCH_PATHS = (
					"$(SDKROOT)/Developer/Library/Frameworks",
					"$(inherited)",
					"$(DEVELOPER_FRAMEWORKS_DIR)",
				);
				GCC_PRECOMPILE_PREFIX_HEADER = YES;
				GCC_PREFIX_HEADER = "UiTableViewControllerChallengeSolution/UiTableViewControllerChallengeSolution-Prefix.pch";
				GCC_PREPROCESSOR_DEFINITIONS = (
					"DEBUG=1",
					"$(inherited)",
				);
				INFOPLIST_FILE = "UiTableViewControllerChallengeSolutionTests/UiTableViewControllerChallengeSolutionTests-Info.plist";
				PRODUCT_NAME = "$(TARGET_NAME)";
				TEST_HOST = "$(BUNDLE_LOADER)";
				WRAPPER_EXTENSION = xctest;
			};
			name = Debug;
		};
		DA84F1771921216800FDE4EF /* Release */ = {
			isa = XCBuildConfiguration;
			buildSettings = {
				BUNDLE_LOADER = "$(BUILT_PRODUCTS_DIR)/UiTableViewControllerChallengeSolution.app/UiTableViewControllerChallengeSolution";
				FRAMEWORK_SEARCH_PATHS = (
					"$(SDKROOT)/Developer/Library/Frameworks",
					"$(inherited)",
					"$(DEVELOPER_FRAMEWORKS_DIR)",
				);
				GCC_PRECOMPILE_PREFIX_HEADER = YES;
				GCC_PREFIX_HEADER = "UiTableViewControllerChallengeSolution/UiTableViewControllerChallengeSolution-Prefix.pch";
				INFOPLIST_FILE = "UiTableViewControllerChallengeSolutionTests/UiTableViewControllerChallengeSolutionTests-Info.plist";
				PRODUCT_NAME = "$(TARGET_NAME)";
				TEST_HOST = "$(BUNDLE_LOADER)";
				WRAPPER_EXTENSION = xctest;
			};
			name = Release;
		};
/* End XCBuildConfiguration section */

/* Begin XCConfigurationList section */
		DA84F13B1921216800FDE4EF /* Build configuration list for PBXProject "UiTableViewControllerChallengeSolution" */ = {
			isa = XCConfigurationList;
			buildConfigurations = (
				DA84F1701921216800FDE4EF /* Debug */,
				DA84F1711921216800FDE4EF /* Release */,
			);
			defaultConfigurationIsVisible = 0;
			defaultConfigurationName = Release;
		};
		DA84F1721921216800FDE4EF /* Build configuration list for PBXNativeTarget "UiTableViewControllerChallengeSolution" */ = {
			isa = XCConfigurationList;
			buildConfigurations = (
				DA84F1731921216800FDE4EF /* Debug */,
				DA84F1741921216800FDE4EF /* Release */,
			);
			defaultConfigurationIsVisible = 0;
		};
		DA84F1751921216800FDE4EF /* Build configuration list for PBXNativeTarget "UiTableViewControllerChallengeSolutionTests" */ = {
			isa = XCConfigurationList;
			buildConfigurations = (
				DA84F1761921216800FDE4EF /* Debug */,
				DA84F1771921216800FDE4EF /* Release */,
			);
			defaultConfigurationIsVisible = 0;
		};
/* End XCConfigurationList section */
	};
	rootObject = DA84F1381921216800FDE4EF /* Project object */;
}
